// !$*UTF8*$!
{
	archiveVersion = 1;
	classes = {
	};
	objectVersion = 50;
	objects = {

/* Begin PBXBuildFile section */
		3E602B9B23E3848C0072456F /* Localizable.strings in Resources */ = {isa = PBXBuildFile; fileRef = 3E602B9D23E3848C0072456F /* Localizable.strings */; };
		3E948C6523E17DF600C47739 /* AppDelegate.swift in Sources */ = {isa = PBXBuildFile; fileRef = 3E948C6423E17DF600C47739 /* AppDelegate.swift */; };
		3E948C6723E17DF600C47739 /* SceneDelegate.swift in Sources */ = {isa = PBXBuildFile; fileRef = 3E948C6623E17DF600C47739 /* SceneDelegate.swift */; };
		3E948C6923E17DF600C47739 /* ViewController.swift in Sources */ = {isa = PBXBuildFile; fileRef = 3E948C6823E17DF600C47739 /* ViewController.swift */; };
		3E948C6C23E17DF600C47739 /* Main.storyboard in Resources */ = {isa = PBXBuildFile; fileRef = 3E948C6A23E17DF600C47739 /* Main.storyboard */; };
		3E948C6E23E17DFA00C47739 /* Assets.xcassets in Resources */ = {isa = PBXBuildFile; fileRef = 3E948C6D23E17DFA00C47739 /* Assets.xcassets */; };
		3E948C7123E17DFA00C47739 /* LaunchScreen.storyboard in Resources */ = {isa = PBXBuildFile; fileRef = 3E948C6F23E17DFA00C47739 /* LaunchScreen.storyboard */; };
		3EA1D71623E6C8ED00A4C415 /* ScoreViewController.swift in Sources */ = {isa = PBXBuildFile; fileRef = 3EA1D71523E6C8ED00A4C415 /* ScoreViewController.swift */; };
		3EE12EFA23E5CB1000E14951 /* SettingsViewController.swift in Sources */ = {isa = PBXBuildFile; fileRef = 3EE12EF923E5CB1000E14951 /* SettingsViewController.swift */; };
		3EF6604A23E1C69C00FA7AE8 /* Model.swift in Sources */ = {isa = PBXBuildFile; fileRef = 3EF6604923E1C69C00FA7AE8 /* Model.swift */; };
/* End PBXBuildFile section */

/* Begin PBXFileReference section */
		3E602B9723E374D80072456F /* ru */ = {isa = PBXFileReference; lastKnownFileType = text.plist.strings; name = ru; path = ru.lproj/Main.strings; sourceTree = "<group>"; };
		3E602B9823E374D90072456F /* ru */ = {isa = PBXFileReference; lastKnownFileType = text.plist.strings; name = ru; path = ru.lproj/LaunchScreen.strings; sourceTree = "<group>"; };
		3E602B9C23E3848C0072456F /* en */ = {isa = PBXFileReference; lastKnownFileType = text.plist.strings; name = en; path = en.lproj/Localizable.strings; sourceTree = "<group>"; };
		3E602B9E23E384960072456F /* ru */ = {isa = PBXFileReference; lastKnownFileType = text.plist.strings; name = ru; path = ru.lproj/Localizable.strings; sourceTree = "<group>"; };
		3E948C6123E17DF600C47739 /* Practice1.app */ = {isa = PBXFileReference; explicitFileType = wrapper.application; includeInIndex = 0; path = Practice1.app; sourceTree = BUILT_PRODUCTS_DIR; };
		3E948C6423E17DF600C47739 /* AppDelegate.swift */ = {isa = PBXFileReference; lastKnownFileType = sourcecode.swift; path = AppDelegate.swift; sourceTree = "<group>"; };
		3E948C6623E17DF600C47739 /* SceneDelegate.swift */ = {isa = PBXFileReference; lastKnownFileType = sourcecode.swift; path = SceneDelegate.swift; sourceTree = "<group>"; };
		3E948C6823E17DF600C47739 /* ViewController.swift */ = {isa = PBXFileReference; lastKnownFileType = sourcecode.swift; path = ViewController.swift; sourceTree = "<group>"; };
		3E948C6B23E17DF600C47739 /* Base */ = {isa = PBXFileReference; lastKnownFileType = file.storyboard; name = Base; path = Base.lproj/Main.storyboard; sourceTree = "<group>"; };
		3E948C6D23E17DFA00C47739 /* Assets.xcassets */ = {isa = PBXFileReference; lastKnownFileType = folder.assetcatalog; path = Assets.xcassets; sourceTree = "<group>"; };
		3E948C7023E17DFA00C47739 /* Base */ = {isa = PBXFileReference; lastKnownFileType = file.storyboard; name = Base; path = Base.lproj/LaunchScreen.storyboard; sourceTree = "<group>"; };
		3E948C7223E17DFA00C47739 /* Info.plist */ = {isa = PBXFileReference; lastKnownFileType = text.plist.xml; path = Info.plist; sourceTree = "<group>"; };
		3EA1D71523E6C8ED00A4C415 /* ScoreViewController.swift */ = {isa = PBXFileReference; lastKnownFileType = sourcecode.swift; path = ScoreViewController.swift; sourceTree = "<group>"; };
		3EE12EF923E5CB1000E14951 /* SettingsViewController.swift */ = {isa = PBXFileReference; lastKnownFileType = sourcecode.swift; path = SettingsViewController.swift; sourceTree = "<group>"; };
		3EF6604923E1C69C00FA7AE8 /* Model.swift */ = {isa = PBXFileReference; lastKnownFileType = sourcecode.swift; path = Model.swift; sourceTree = "<group>"; };
/* End PBXFileReference section */

/* Begin PBXFrameworksBuildPhase section */
		3E948C5E23E17DF600C47739 /* Frameworks */ = {
			isa = PBXFrameworksBuildPhase;
			buildActionMask = 2147483647;
			files = (
			);
			runOnlyForDeploymentPostprocessing = 0;
		};
/* End PBXFrameworksBuildPhase section */

/* Begin PBXGroup section */
		3E948C5823E17DF600C47739 = {
			isa = PBXGroup;
			children = (
				3E602B9D23E3848C0072456F /* Localizable.strings */,
				3E948C6323E17DF600C47739 /* Practice1 */,
				3E948C6223E17DF600C47739 /* Products */,
			);
			sourceTree = "<group>";
		};
		3E948C6223E17DF600C47739 /* Products */ = {
			isa = PBXGroup;
			children = (
				3E948C6123E17DF600C47739 /* Practice1.app */,
			);
			name = Products;
			sourceTree = "<group>";
		};
		3E948C6323E17DF600C47739 /* Practice1 */ = {
			isa = PBXGroup;
			children = (
				3E948C6423E17DF600C47739 /* AppDelegate.swift */,
				3E948C6623E17DF600C47739 /* SceneDelegate.swift */,
				3EF6604923E1C69C00FA7AE8 /* Model.swift */,
				3E948C6823E17DF600C47739 /* ViewController.swift */,
				3EE12EF923E5CB1000E14951 /* SettingsViewController.swift */,
				3EA1D71523E6C8ED00A4C415 /* ScoreViewController.swift */,
				3E948C6A23E17DF600C47739 /* Main.storyboard */,
				3E948C6D23E17DFA00C47739 /* Assets.xcassets */,
				3E948C6F23E17DFA00C47739 /* LaunchScreen.storyboard */,
				3E948C7223E17DFA00C47739 /* Info.plist */,
			);
			path = Practice1;
			sourceTree = "<group>";
		};
/* End PBXGroup section */

/* Begin PBXNativeTarget section */
		3E948C6023E17DF600C47739 /* Practice1 */ = {
			isa = PBXNativeTarget;
			buildConfigurationList = 3E948C7523E17DFA00C47739 /* Build configuration list for PBXNativeTarget "Practice1" */;
			buildPhases = (
				3E948C5D23E17DF600C47739 /* Sources */,
				3E948C5E23E17DF600C47739 /* Frameworks */,
				3E948C5F23E17DF600C47739 /* Resources */,
			);
			buildRules = (
			);
			dependencies = (
			);
			name = Practice1;
			productName = Practice1;
			productReference = 3E948C6123E17DF600C47739 /* Practice1.app */;
			productType = "com.apple.product-type.application";
		};
/* End PBXNativeTarget section */

/* Begin PBXProject section */
		3E948C5923E17DF600C47739 /* Project object */ = {
			isa = PBXProject;
			attributes = {
				LastSwiftUpdateCheck = 1130;
				LastUpgradeCheck = 1130;
				ORGANIZATIONNAME = "Евгений";
				TargetAttributes = {
					3E948C6023E17DF600C47739 = {
						CreatedOnToolsVersion = 11.3.1;
					};
				};
			};
			buildConfigurationList = 3E948C5C23E17DF600C47739 /* Build configuration list for PBXProject "Practice1" */;
			compatibilityVersion = "Xcode 9.3";
			developmentRegion = en;
			hasScannedForEncodings = 0;
			knownRegions = (
				en,
				Base,
				ru,
			);
			mainGroup = 3E948C5823E17DF600C47739;
			productRefGroup = 3E948C6223E17DF600C47739 /* Products */;
			projectDirPath = "";
			projectRoot = "";
			targets = (
				3E948C6023E17DF600C47739 /* Practice1 */,
			);
		};
/* End PBXProject section */

/* Begin PBXResourcesBuildPhase section */
		3E948C5F23E17DF600C47739 /* Resources */ = {
			isa = PBXResourcesBuildPhase;
			buildActionMask = 2147483647;
			files = (
				3E948C7123E17DFA00C47739 /* LaunchScreen.storyboard in Resources */,
				3E948C6E23E17DFA00C47739 /* Assets.xcassets in Resources */,
				3E948C6C23E17DF600C47739 /* Main.storyboard in Resources */,
				3E602B9B23E3848C0072456F /* Localizable.strings in Resources */,
			);
			runOnlyForDeploymentPostprocessing = 0;
		};
/* End PBXResourcesBuildPhase section */

/* Begin PBXSourcesBuildPhase section */
		3E948C5D23E17DF600C47739 /* Sources */ = {
			isa = PBXSourcesBuildPhase;
			buildActionMask = 2147483647;
			files = (
				3EF6604A23E1C69C00FA7AE8 /* Model.swift in Sources */,
				3E948C6923E17DF600C47739 /* ViewController.swift in Sources */,
				3E948C6523E17DF600C47739 /* AppDelegate.swift in Sources */,
				3EE12EFA23E5CB1000E14951 /* SettingsViewController.swift in Sources */,
				3E948C6723E17DF600C47739 /* SceneDelegate.swift in Sources */,
				3EA1D71623E6C8ED00A4C415 /* ScoreViewController.swift in Sources */,
			);
			runOnlyForDeploymentPostprocessing = 0;
		};
/* End PBXSourcesBuildPhase section */

/* Begin PBXVariantGroup section */
		3E602B9D23E3848C0072456F /* Localizable.strings */ = {
			isa = PBXVariantGroup;
			children = (
				3E602B9C23E3848C0072456F /* en */,
				3E602B9E23E384960072456F /* ru */,
			);
			name = Localizable.strings;
			sourceTree = "<group>";
		};
		3E948C6A23E17DF600C47739 /* Main.storyboard */ = {
			isa = PBXVariantGroup;
			children = (
				3E948C6B23E17DF600C47739 /* Base */,
				3E602B9723E374D80072456F /* ru */,
			);
			name = Main.storyboard;
			sourceTree = "<group>";
		};
		3E948C6F23E17DFA00C47739 /* LaunchScreen.storyboard */ = {
			isa = PBXVariantGroup;
			children = (
				3E948C7023E17DFA00C47739 /* Base */,
				3E602B9823E374D90072456F /* ru */,
			);
			name = LaunchScreen.storyboard;
			sourceTree = "<group>";
		};
/* End PBXVariantGroup section */

/* Begin XCBuildConfiguration section */
		3E948C7323E17DFA00C47739 /* Debug */ = {
			isa = XCBuildConfiguration;
			buildSettings = {
				ALWAYS_SEARCH_USER_PATHS = NO;
				CLANG_ANALYZER_LOCALIZABILITY_NONLOCALIZED = YES;
				CLANG_ANALYZER_NONNULL = YES;
				CLANG_ANALYZER_NUMBER_OBJECT_CONVERSION = YES_AGGRESSIVE;
				CLANG_CXX_LANGUAGE_STANDARD = "gnu++14";
				CLANG_CXX_LIBRARY = "libc++";
				CLANG_ENABLE_MODULES = YES;
				CLANG_ENABLE_OBJC_ARC = YES;
				CLANG_ENABLE_OBJC_WEAK = YES;
				CLANG_WARN_BLOCK_CAPTURE_AUTORELEASING = YES;
				CLANG_WARN_BOOL_CONVERSION = YES;
				CLANG_WARN_COMMA = YES;
				CLANG_WARN_CONSTANT_CONVERSION = YES;
				CLANG_WARN_DEPRECATED_OBJC_IMPLEMENTATIONS = YES;
				CLANG_WARN_DIRECT_OBJC_ISA_USAGE = YES_ERROR;
				CLANG_WARN_DOCUMENTATION_COMMENTS = YES;
				CLANG_WARN_EMPTY_BODY = YES;
				CLANG_WARN_ENUM_CONVERSION = YES;
				CLANG_WARN_INFINITE_RECURSION = YES;
				CLANG_WARN_INT_CONVERSION = YES;
				CLANG_WARN_NON_LITERAL_NULL_CONVERSION = YES;
				CLANG_WARN_OBJC_IMPLICIT_RETAIN_SELF = YES;
				CLANG_WARN_OBJC_LITERAL_CONVERSION = YES;
				CLANG_WARN_OBJC_ROOT_CLASS = YES_ERROR;
				CLANG_WARN_RANGE_LOOP_ANALYSIS = YES;
				CLANG_WARN_STRICT_PROTOTYPES = YES;
				CLANG_WARN_SUSPICIOUS_MOVE = YES;
				CLANG_WARN_UNGUARDED_AVAILABILITY = YES_AGGRESSIVE;
				CLANG_WARN_UNREACHABLE_CODE = YES;
				CLANG_WARN__DUPLICATE_METHOD_MATCH = YES;
				COPY_PHASE_STRIP = NO;
				DEBUG_INFORMATION_FORMAT = dwarf;
				ENABLE_STRICT_OBJC_MSGSEND = YES;
				ENABLE_TESTABILITY = YES;
				GCC_C_LANGUAGE_STANDARD = gnu11;
				GCC_DYNAMIC_NO_PIC = NO;
				GCC_NO_COMMON_BLOCKS = YES;
				GCC_OPTIMIZATION_LEVEL = 0;
				GCC_PREPROCESSOR_DEFINITIONS = (
					"DEBUG=1",
					"$(inherited)",
				);
				GCC_WARN_64_TO_32_BIT_CONVERSION = YES;
				GCC_WARN_ABOUT_RETURN_TYPE = YES_ERROR;
				GCC_WARN_UNDECLARED_SELECTOR = YES;
				GCC_WARN_UNINITIALIZED_AUTOS = YES_AGGRESSIVE;
				GCC_WARN_UNUSED_FUNCTION = YES;
				GCC_WARN_UNUSED_VARIABLE = YES;
				IPHONEOS_DEPLOYMENT_TARGET = 13.2;
				MTL_ENABLE_DEBUG_INFO = INCLUDE_SOURCE;
				MTL_FAST_MATH = YES;
				ONLY_ACTIVE_ARCH = YES;
				SDKROOT = iphoneos;
				SWIFT_ACTIVE_COMPILATION_CONDITIONS = DEBUG;
				SWIFT_OPTIMIZATION_LEVEL = "-Onone";
			};
			name = Debug;
		};
		3E948C7423E17DFA00C47739 /* Release */ = {
			isa = XCBuildConfiguration;
			buildSettings = {
				ALWAYS_SEARCH_USER_PATHS = NO;
				CLANG_ANALYZER_LOCALIZABILITY_NONLOCALIZED = YES;
				CLANG_ANALYZER_NONNULL = YES;
				CLANG_ANALYZER_NUMBER_OBJECT_CONVERSION = YES_AGGRESSIVE;
				CLANG_CXX_LANGUAGE_STANDARD = "gnu++14";
				CLANG_CXX_LIBRARY = "libc++";
				CLANG_ENABLE_MODULES = YES;
				CLANG_ENABLE_OBJC_ARC = YES;
				CLANG_ENABLE_OBJC_WEAK = YES;
				CLANG_WARN_BLOCK_CAPTURE_AUTORELEASING = YES;
				CLANG_WARN_BOOL_CONVERSION = YES;
				CLANG_WARN_COMMA = YES;
				CLANG_WARN_CONSTANT_CONVERSION = YES;
				CLANG_WARN_DEPRECATED_OBJC_IMPLEMENTATIONS = YES;
				CLANG_WARN_DIRECT_OBJC_ISA_USAGE = YES_ERROR;
				CLANG_WARN_DOCUMENTATION_COMMENTS = YES;
				CLANG_WARN_EMPTY_BODY = YES;
				CLANG_WARN_ENUM_CONVERSION = YES;
				CLANG_WARN_INFINITE_RECURSION = YES;
				CLANG_WARN_INT_CONVERSION = YES;
				CLANG_WARN_NON_LITERAL_NULL_CONVERSION = YES;
				CLANG_WARN_OBJC_IMPLICIT_RETAIN_SELF = YES;
				CLANG_WARN_OBJC_LITERAL_CONVERSION = YES;
				CLANG_WARN_OBJC_ROOT_CLASS = YES_ERROR;
				CLANG_WARN_RANGE_LOOP_ANALYSIS = YES;
				CLANG_WARN_STRICT_PROTOTYPES = YES;
				CLANG_WARN_SUSPICIOUS_MOVE = YES;
				CLANG_WARN_UNGUARDED_AVAILABILITY = YES_AGGRESSIVE;
				CLANG_WARN_UNREACHABLE_CODE = YES;
				CLANG_WARN__DUPLICATE_METHOD_MATCH = YES;
				COPY_PHASE_STRIP = NO;
				DEBUG_INFORMATION_FORMAT = "dwarf-with-dsym";
				ENABLE_NS_ASSERTIONS = NO;
				ENABLE_STRICT_OBJC_MSGSEND = YES;
				GCC_C_LANGUAGE_STANDARD = gnu11;
				GCC_NO_COMMON_BLOCKS = YES;
				GCC_WARN_64_TO_32_BIT_CONVERSION = YES;
				GCC_WARN_ABOUT_RETURN_TYPE = YES_ERROR;
				GCC_WARN_UNDECLARED_SELECTOR = YES;
				GCC_WARN_UNINITIALIZED_AUTOS = YES_AGGRESSIVE;
				GCC_WARN_UNUSED_FUNCTION = YES;
				GCC_WARN_UNUSED_VARIABLE = YES;
				IPHONEOS_DEPLOYMENT_TARGET = 13.2;
				MTL_ENABLE_DEBUG_INFO = NO;
				MTL_FAST_MATH = YES;
				SDKROOT = iphoneos;
				SWIFT_COMPILATION_MODE = wholemodule;
				SWIFT_OPTIMIZATION_LEVEL = "-O";
				VALIDATE_PRODUCT = YES;
			};
			name = Release;
		};
		3E948C7623E17DFA00C47739 /* Debug */ = {
			isa = XCBuildConfiguration;
			buildSettings = {
				ASSETCATALOG_COMPILER_APPICON_NAME = AppIcon;
				CODE_SIGN_STYLE = Automatic;
				DEVELOPMENT_TEAM = H5C9369377;
				INFOPLIST_FILE = Practice1/Info.plist;
				LD_RUNPATH_SEARCH_PATHS = (
					"$(inherited)",
					"@executable_path/Frameworks",
				);
				PRODUCT_BUNDLE_IDENTIFIER = "IOS-school.Practice1";
				PRODUCT_NAME = "$(TARGET_NAME)";
				SWIFT_VERSION = 5.0;
				TARGETED_DEVICE_FAMILY = "1,2";
			};
			name = Debug;
		};
		3E948C7723E17DFA00C47739 /* Release */ = {
			isa = XCBuildConfiguration;
			buildSettings = {
				ASSETCATALOG_COMPILER_APPICON_NAME = AppIcon;
				CODE_SIGN_STYLE = Automatic;
				DEVELOPMENT_TEAM = H5C9369377;
				INFOPLIST_FILE = Practice1/Info.plist;
				LD_RUNPATH_SEARCH_PATHS = (
					"$(inherited)",
					"@executable_path/Frameworks",
				);
				PRODUCT_BUNDLE_IDENTIFIER = "IOS-school.Practice1";
				PRODUCT_NAME = "$(TARGET_NAME)";
				SWIFT_VERSION = 5.0;
				TARGETED_DEVICE_FAMILY = "1,2";
			};
			name = Release;
		};
/* End XCBuildConfiguration section */

/* Begin XCConfigurationList section */
		3E948C5C23E17DF600C47739 /* Build configuration list for PBXProject "Practice1" */ = {
			isa = XCConfigurationList;
			buildConfigurations = (
				3E948C7323E17DFA00C47739 /* Debug */,
				3E948C7423E17DFA00C47739 /* Release */,
			);
			defaultConfigurationIsVisible = 0;
			defaultConfigurationName = Release;
		};
		3E948C7523E17DFA00C47739 /* Build configuration list for PBXNativeTarget "Practice1" */ = {
			isa = XCConfigurationList;
			buildConfigurations = (
				3E948C7623E17DFA00C47739 /* Debug */,
				3E948C7723E17DFA00C47739 /* Release */,
			);
			defaultConfigurationIsVisible = 0;
			defaultConfigurationName = Release;
		};
/* End XCConfigurationList section */
	};
	rootObject = 3E948C5923E17DF600C47739 /* Project object */;
}
